{
  "name": "frontend",
  "version": "0.1.0",
  "lockfileVersion": 3,
  "requires": true,
  "packages": {
    "": {
      "dependencies": {
        "metadataextractor-root": "file:.."
      }
    },
    "..": {
      "name": "metadataextractor-root",
      "version": "1.0.0",
      "license": "ISC",
      "dependencies": {
        "autoprefixer": "^10.4.17",
        "bootstrap": "^5.3.7",
        "cors": "^2.8.5",
        "dotenv": "^17.2.0",
        "exiftool-vendored": "^30.3.0",
        "express": "^5.1.0",
        "multer": "^2.0.2",
        "postcss": "^8.4.35",
        "react": "^18.2.0",
        "react-dom": "^18.2.0",
        "react-router-dom": "^7.7.0",
        "react-scripts": "5.0.1",
        "web-vitals": "^2.1.4"
      }
    },
    "node_modules/metadataextractor-root": {
      "resolved": "..",
      "link": true
    }
  }
}
